Microsoft Visual Studio Solution File, Format Version 11.00
# Visual Studio 2008

Project("{A13160B6-402A-13D8-3596-43AB7D918A40}") = "Pinball_Machine", "Assembly-CSharp-firstpass-vs.csproj", "{2FDAB4B6-EB7C-9387-778F-AFC6100978C7}"
EndProject
Project("{A13160B6-402A-13D8-3596-43AB7D918A40}") = "Pinball_Machine", "Assembly-CSharp-vs.csproj", "{DAA09970-8BE0-C5E0-1FB7-B353041A4B6E}"
EndProject
Global
	GlobalSection(SolutionConfigurationPlatforms) = preSolution
		Debug|Any CPU = Debug|Any CPU
		Release|Any CPU = Release|Any CPU
	EndGlobalSection
	GlobalSection(ProjectConfigurationPlatforms) = postSolution
		{2FDAB4B6-EB7C-9387-778F-AFC6100978C7}.Debug|Any CPU.ActiveCfg = Debug|Any CPU
		{2FDAB4B6-EB7C-9387-778F-AFC6100978C7}.Debug|Any CPU.Build.0 = Debug|Any CPU
		{2FDAB4B6-EB7C-9387-778F-AFC6100978C7}.Release|Any CPU.ActiveCfg = Release|Any CPU
		{2FDAB4B6-EB7C-9387-778F-AFC6100978C7}.Release|Any CPU.Build.0 = Release|Any CPU
		{DAA09970-8BE0-C5E0-1FB7-B353041A4B6E}.Debug|Any CPU.ActiveCfg = Debug|Any CPU
		{DAA09970-8BE0-C5E0-1FB7-B353041A4B6E}.Debug|Any CPU.Build.0 = Debug|Any CPU
		{DAA09970-8BE0-C5E0-1FB7-B353041A4B6E}.Release|Any CPU.ActiveCfg = Release|Any CPU
		{DAA09970-8BE0-C5E0-1FB7-B353041A4B6E}.Release|Any CPU.Build.0 = Release|Any CPU
	EndGlobalSection
	GlobalSection(SolutionProperties) = preSolution
		HideSolutionNode = FALSE
	EndGlobalSection
																																																																													GlobalSection(MonoDevelopProperties) = preSolution
		StartupItem = Assembly-CSharp.csproj
		Policies = $0
		$0.TextStylePolicy = $1
		$1.inheritsSet = null
		$1.scope = text/x-csharp
		$0.CSharpFormattingPolicy = $2
		$2.inheritsSet = Mono
		$2.inheritsScope = text/x-csharp
		$2.scope = text/x-csharp
		$0.TextStylePolicy = $3
		$3.FileWidth = 120
		$3.TabWidth = 4
		$3.EolMarker = Unix
		$3.inheritsSet = Mono
		$3.inheritsScope = text/plain
		$3.scope = text/plain
	EndGlobalSection

EndGlobal
